
Microsoft Visual Studio Solution File, Format Version 12.00
# Visual Studio Version 17
VisualStudioVersion = 17.0.32112.339
MinimumVisualStudioVersion = 10.0.40219.1
Project("{FAE04EC0-301F-11D3-BF4B-00C04F79EFBC}") = "BlazorApp1", "BlazorApp1.csproj", "{0E2C726B-EB54-4954-BDBE-E17173446964}"
EndProject
Global
	GlobalSection(SolutionConfigurationPlatforms) = preSolution
		Debug|Any CPU = Debug|Any CPU
		Release|Any CPU = Release|Any CPU
	EndGlobalSection
	GlobalSection(ProjectConfigurationPlatforms) = postSolution
		{0E2C726B-EB54-4954-BDBE-E17173446964}.Debug|Any CPU.ActiveCfg = Debug|Any CPU
		{0E2C726B-EB54-4954-BDBE-E17173446964}.Debug|Any CPU.Build.0 = Debug|Any CPU
		{0E2C726B-EB54-4954-BDBE-E17173446964}.Release|Any CPU.ActiveCfg = Release|Any CPU
		{0E2C726B-EB54-4954-BDBE-E17173446964}.Release|Any CPU.Build.0 = Release|Any CPU
	EndGlobalSection
	GlobalSection(SolutionProperties) = preSolution
		HideSolutionNode = FALSE
	EndGlobalSection
	GlobalSection(ExtensibilityGlobals) = postSolution
		SolutionGuid = {2699C1A5-DB9A-4478-A350-81B3A2116BF6}
	EndGlobalSection
EndGlobal
